
Microsoft Visual Studio Solution File, Format Version 12.00
# Visual Studio Version 16
VisualStudioVersion = 16.0.29025.244
MinimumVisualStudioVersion = 10.0.40219.1
Project("{9A19103F-16F7-4668-BE54-9A1E7A4F7556}") = "WebApplication1", "WebApplication1\WebApplication1.csproj", "{1C1C71DD-E7A3-4978-B16B-71D751FF590D}"
EndProject
Project("{9A19103F-16F7-4668-BE54-9A1E7A4F7556}") = "DAL", "DAL\DAL.csproj", "{D14B542F-18A2-4AC4-8AE3-5F73FEC91905}"
EndProject
Project("{9A19103F-16F7-4668-BE54-9A1E7A4F7556}") = "Repository", "Repository\Repository.csproj", "{4788FDCF-B1ED-468C-BA72-A10FC92F288C}"
EndProject
Project("{9A19103F-16F7-4668-BE54-9A1E7A4F7556}") = "Service", "Service\Service.csproj", "{1FFCC17F-31DB-4164-8723-F3A4B65E6DF1}"
EndProject
Project("{9A19103F-16F7-4668-BE54-9A1E7A4F7556}") = "Service.Common", "Service.Common\Service.Common.csproj", "{856750D3-124D-4663-8DBA-520717C6203A}"
EndProject
Project("{9A19103F-16F7-4668-BE54-9A1E7A4F7556}") = "Repository.Common", "Repository.Common\Repository.Common.csproj", "{B27E1A98-DE01-4C87-97F0-147F523FBA6D}"
EndProject
Project("{9A19103F-16F7-4668-BE54-9A1E7A4F7556}") = "Model", "Model\Model.csproj", "{E2FF1DA1-99C0-44CB-9C25-3BAE3DA6A1A4}"
EndProject
Project("{9A19103F-16F7-4668-BE54-9A1E7A4F7556}") = "Model.Common", "Model.Common\Model.Common.csproj", "{D3668FFB-98C1-406B-B057-E3DA0B111236}"
EndProject
Global
	GlobalSection(SolutionConfigurationPlatforms) = preSolution
		Debug|Any CPU = Debug|Any CPU
		Release|Any CPU = Release|Any CPU
	EndGlobalSection
	GlobalSection(ProjectConfigurationPlatforms) = postSolution
		{1C1C71DD-E7A3-4978-B16B-71D751FF590D}.Debug|Any CPU.ActiveCfg = Debug|Any CPU
		{1C1C71DD-E7A3-4978-B16B-71D751FF590D}.Debug|Any CPU.Build.0 = Debug|Any CPU
		{1C1C71DD-E7A3-4978-B16B-71D751FF590D}.Release|Any CPU.ActiveCfg = Release|Any CPU
		{1C1C71DD-E7A3-4978-B16B-71D751FF590D}.Release|Any CPU.Build.0 = Release|Any CPU
		{D14B542F-18A2-4AC4-8AE3-5F73FEC91905}.Debug|Any CPU.ActiveCfg = Debug|Any CPU
		{D14B542F-18A2-4AC4-8AE3-5F73FEC91905}.Debug|Any CPU.Build.0 = Debug|Any CPU
		{D14B542F-18A2-4AC4-8AE3-5F73FEC91905}.Release|Any CPU.ActiveCfg = Release|Any CPU
		{D14B542F-18A2-4AC4-8AE3-5F73FEC91905}.Release|Any CPU.Build.0 = Release|Any CPU
		{4788FDCF-B1ED-468C-BA72-A10FC92F288C}.Debug|Any CPU.ActiveCfg = Debug|Any CPU
		{4788FDCF-B1ED-468C-BA72-A10FC92F288C}.Debug|Any CPU.Build.0 = Debug|Any CPU
		{4788FDCF-B1ED-468C-BA72-A10FC92F288C}.Release|Any CPU.ActiveCfg = Release|Any CPU
		{4788FDCF-B1ED-468C-BA72-A10FC92F288C}.Release|Any CPU.Build.0 = Release|Any CPU
		{1FFCC17F-31DB-4164-8723-F3A4B65E6DF1}.Debug|Any CPU.ActiveCfg = Debug|Any CPU
		{1FFCC17F-31DB-4164-8723-F3A4B65E6DF1}.Debug|Any CPU.Build.0 = Debug|Any CPU
		{1FFCC17F-31DB-4164-8723-F3A4B65E6DF1}.Release|Any CPU.ActiveCfg = Release|Any CPU
		{1FFCC17F-31DB-4164-8723-F3A4B65E6DF1}.Release|Any CPU.Build.0 = Release|Any CPU
		{856750D3-124D-4663-8DBA-520717C6203A}.Debug|Any CPU.ActiveCfg = Debug|Any CPU
		{856750D3-124D-4663-8DBA-520717C6203A}.Debug|Any CPU.Build.0 = Debug|Any CPU
		{856750D3-124D-4663-8DBA-520717C6203A}.Release|Any CPU.ActiveCfg = Release|Any CPU
		{856750D3-124D-4663-8DBA-520717C6203A}.Release|Any CPU.Build.0 = Release|Any CPU
		{B27E1A98-DE01-4C87-97F0-147F523FBA6D}.Debug|Any CPU.ActiveCfg = Debug|Any CPU
		{B27E1A98-DE01-4C87-97F0-147F523FBA6D}.Debug|Any CPU.Build.0 = Debug|Any CPU
		{B27E1A98-DE01-4C87-97F0-147F523FBA6D}.Release|Any CPU.ActiveCfg = Release|Any CPU
		{B27E1A98-DE01-4C87-97F0-147F523FBA6D}.Release|Any CPU.Build.0 = Release|Any CPU
		{E2FF1DA1-99C0-44CB-9C25-3BAE3DA6A1A4}.Debug|Any CPU.ActiveCfg = Debug|Any CPU
		{E2FF1DA1-99C0-44CB-9C25-3BAE3DA6A1A4}.Debug|Any CPU.Build.0 = Debug|Any CPU
		{E2FF1DA1-99C0-44CB-9C25-3BAE3DA6A1A4}.Release|Any CPU.ActiveCfg = Release|Any CPU
		{E2FF1DA1-99C0-44CB-9C25-3BAE3DA6A1A4}.Release|Any CPU.Build.0 = Release|Any CPU
		{D3668FFB-98C1-406B-B057-E3DA0B111236}.Debug|Any CPU.ActiveCfg = Debug|Any CPU
		{D3668FFB-98C1-406B-B057-E3DA0B111236}.Debug|Any CPU.Build.0 = Debug|Any CPU
		{D3668FFB-98C1-406B-B057-E3DA0B111236}.Release|Any CPU.ActiveCfg = Release|Any CPU
		{D3668FFB-98C1-406B-B057-E3DA0B111236}.Release|Any CPU.Build.0 = Release|Any CPU
	EndGlobalSection
	GlobalSection(SolutionProperties) = preSolution
		HideSolutionNode = FALSE
	EndGlobalSection
	GlobalSection(ExtensibilityGlobals) = postSolution
		SolutionGuid = {D0C67F09-6B8F-465D-8F61-DC7A5B16CF3E}
	EndGlobalSection
EndGlobal
